<Solution>
  <Configurations>
    <Platform Name="x64" />
    <Platform Name="x86" />
  </Configurations>
  <Project Path="../MaxiMum/MaxiMum.vcxproj" />
  <Project Path="../Rectengle/Rectengle.vcxproj" />
  <Project Path="../SwapFunction/SwapFunction.vcxproj" />
  <Project Path="CircleArea.vcxproj" />
</Solution>
